
Microsoft Visual Studio Solution File, Format Version 12.00
# Visual Studio Version 17
VisualStudioVersion = 17.6.33712.159
MinimumVisualStudioVersion = 10.0.40219.1
Project("{FAE04EC0-301F-11D3-BF4B-00C04F79EFBC}") = "Lab14", "Lab14\Lab14.csproj", "{162ADCF9-7289-4FB7-9856-1CC073144FFF}"
EndProject
Global
	GlobalSection(SolutionConfigurationPlatforms) = preSolution
		Debug|Any CPU = Debug|Any CPU
		Release|Any CPU = Release|Any CPU
	EndGlobalSection
	GlobalSection(ProjectConfigurationPlatforms) = postSolution
		{162ADCF9-7289-4FB7-9856-1CC073144FFF}.Debug|Any CPU.ActiveCfg = Debug|Any CPU
		{162ADCF9-7289-4FB7-9856-1CC073144FFF}.Debug|Any CPU.Build.0 = Debug|Any CPU
		{162ADCF9-7289-4FB7-9856-1CC073144FFF}.Release|Any CPU.ActiveCfg = Release|Any CPU
		{162ADCF9-7289-4FB7-9856-1CC073144FFF}.Release|Any CPU.Build.0 = Release|Any CPU
	EndGlobalSection
	GlobalSection(SolutionProperties) = preSolution
		HideSolutionNode = FALSE
	EndGlobalSection
	GlobalSection(ExtensibilityGlobals) = postSolution
		SolutionGuid = {4E4BA6D0-C672-4E6E-949B-11001CB9E9D8}
	EndGlobalSection
EndGlobal
